{
  "name": "ngs",
  "version": "1.0.0",
  "lockfileVersion": 3,
  "requires": true,
  "packages": {
    "": {
      "name": "ngs",
      "version": "1.0.0",
      "license": "ISC",
      "dependencies": {
        "@alexandersheremet/platforms": "^1.0.0"
      }
    },
    "node_modules/@alexandersheremet/platforms": {
      "version": "1.0.0",
      "resolved": "https://npm.pkg.github.com/download/@alexandersheremet/platforms/1.0.0/f334561b0b64a6f5af10497dc739917cd3795095",
      "integrity": "sha512-I1KLJEUKcBiXOO0Z3FaCXLjpNUAV1AXa2pWihcyD20dUr7WRqFsmEj3WF0DbKCN5uHFa7kagRUeicqJ3HgnP3w==",
      "license": "ISC"
    }
  }
}
